{
  "name": "myinvestar-email-api",
  "version": "1.0.0",
  "lockfileVersion": 1,
  "requires": true,
  "dependencies": {
    "resend": {
      "version": "6.0.1",
      "resolved": "https://registry.npmjs.org/resend/-/resend-6.0.1.tgz",
      "integrity": "sha512-xNZ0gKAOqQcH83lXsqNOwBbpKROnsZpQr9mXRdG6hrHTF9G9Il2pkoTRtq7rJzXMvCZX+I79oahsbSeaYOWRFA=="
    }
  }
}
